
Microsoft Visual Studio Solution File, Format Version 12.00
# Visual Studio 15
VisualStudioVersion = 15.0.28307.421
MinimumVisualStudioVersion = 10.0.40219.1
Project("{9A19103F-16F7-4668-BE54-9A1E7A4F7556}") = "SubitonBackend", "SubitonBackend\SubitonBackend.csproj", "{D1E7E5F0-E7C6-4CEF-A662-ADC89D394971}"
EndProject
Global
	GlobalSection(SolutionConfigurationPlatforms) = preSolution
		Debug|Any CPU = Debug|Any CPU
		Release|Any CPU = Release|Any CPU
	EndGlobalSection
	GlobalSection(ProjectConfigurationPlatforms) = postSolution
		{D1E7E5F0-E7C6-4CEF-A662-ADC89D394971}.Debug|Any CPU.ActiveCfg = Debug|Any CPU
		{D1E7E5F0-E7C6-4CEF-A662-ADC89D394971}.Debug|Any CPU.Build.0 = Debug|Any CPU
		{D1E7E5F0-E7C6-4CEF-A662-ADC89D394971}.Release|Any CPU.ActiveCfg = Release|Any CPU
		{D1E7E5F0-E7C6-4CEF-A662-ADC89D394971}.Release|Any CPU.Build.0 = Release|Any CPU
	EndGlobalSection
	GlobalSection(SolutionProperties) = preSolution
		HideSolutionNode = FALSE
	EndGlobalSection
	GlobalSection(ExtensibilityGlobals) = postSolution
		SolutionGuid = {B1F4C951-B77A-453B-ACBE-C6E9B0679D10}
	EndGlobalSection
EndGlobal
